
Microsoft Visual Studio Solution File, Format Version 12.00
# Visual Studio Version 16
VisualStudioVersion = 16.0.30011.22
MinimumVisualStudioVersion = 10.0.40219.1
Project("{FAE04EC0-301F-11D3-BF4B-00C04F79EFBC}") = "asp.net_NoteB", "asp.net_NoteB\asp.net_NoteB.csproj", "{752C76A1-08D7-439E-8451-27BBF8E1EDFB}"
EndProject
Global
	GlobalSection(SolutionConfigurationPlatforms) = preSolution
		Debug|Any CPU = Debug|Any CPU
		Release|Any CPU = Release|Any CPU
	EndGlobalSection
	GlobalSection(ProjectConfigurationPlatforms) = postSolution
		{752C76A1-08D7-439E-8451-27BBF8E1EDFB}.Debug|Any CPU.ActiveCfg = Debug|Any CPU
		{752C76A1-08D7-439E-8451-27BBF8E1EDFB}.Debug|Any CPU.Build.0 = Debug|Any CPU
		{752C76A1-08D7-439E-8451-27BBF8E1EDFB}.Release|Any CPU.ActiveCfg = Release|Any CPU
		{752C76A1-08D7-439E-8451-27BBF8E1EDFB}.Release|Any CPU.Build.0 = Release|Any CPU
	EndGlobalSection
	GlobalSection(SolutionProperties) = preSolution
		HideSolutionNode = FALSE
	EndGlobalSection
	GlobalSection(ExtensibilityGlobals) = postSolution
		SolutionGuid = {94B8966A-D969-4413-9772-D5489F61FB7F}
	EndGlobalSection
EndGlobal
